// !$*UTF8*$!
{
	archiveVersion = 1;
	classes = {
	};
	objectVersion = 46;
	objects = {

/* Begin PBXBuildFile section */
		D54D207319D5507400E85FEA /* Bolts.framework in Frameworks */ = {isa = PBXBuildFile; fileRef = D54D207019D5507400E85FEA /* Bolts.framework */; };
		D54D207419D5507400E85FEA /* Parse.framework in Frameworks */ = {isa = PBXBuildFile; fileRef = D54D207119D5507400E85FEA /* Parse.framework */; };
		D54D207519D5507400E85FEA /* ParseFacebookUtils.framework in Frameworks */ = {isa = PBXBuildFile; fileRef = D54D207219D5507400E85FEA /* ParseFacebookUtils.framework */; };
		D54D209A19D5516F00E85FEA /* AudioToolbox.framework in Frameworks */ = {isa = PBXBuildFile; fileRef = D54D209019D5516F00E85FEA /* AudioToolbox.framework */; };
		D54D209B19D5516F00E85FEA /* CFNetwork.framework in Frameworks */ = {isa = PBXBuildFile; fileRef = D54D209119D5516F00E85FEA /* CFNetwork.framework */; };
		D54D209C19D5516F00E85FEA /* CoreGraphics.framework in Frameworks */ = {isa = PBXBuildFile; fileRef = D54D209219D5516F00E85FEA /* CoreGraphics.framework */; };
		D54D209D19D5516F00E85FEA /* CoreLocation.framework in Frameworks */ = {isa = PBXBuildFile; fileRef = D54D209319D5516F00E85FEA /* CoreLocation.framework */; };
		D54D209E19D5516F00E85FEA /* libz.dylib in Frameworks */ = {isa = PBXBuildFile; fileRef = D54D209419D5516F00E85FEA /* libz.dylib */; };
		D54D209F19D5516F00E85FEA /* MobileCoreServices.framework in Frameworks */ = {isa = PBXBuildFile; fileRef = D54D209519D5516F00E85FEA /* MobileCoreServices.framework */; };
		D54D20A019D5516F00E85FEA /* QuartzCore.framework in Frameworks */ = {isa = PBXBuildFile; fileRef = D54D209619D5516F00E85FEA /* QuartzCore.framework */; };
		D54D20A119D5516F00E85FEA /* Security.framework in Frameworks */ = {isa = PBXBuildFile; fileRef = D54D209719D5516F00E85FEA /* Security.framework */; };
		D54D20A219D5516F00E85FEA /* StoreKit.framework in Frameworks */ = {isa = PBXBuildFile; fileRef = D54D209819D5516F00E85FEA /* StoreKit.framework */; };
		D54D20A319D5516F00E85FEA /* SystemConfiguration.framework in Frameworks */ = {isa = PBXBuildFile; fileRef = D54D209919D5516F00E85FEA /* SystemConfiguration.framework */; };
		D54D20A519D55B8800E85FEA /* EditFriendsViewController.swift in Sources */ = {isa = PBXBuildFile; fileRef = D54D20A419D55B8800E85FEA /* EditFriendsViewController.swift */; };
		D54D20AD19D5684800E85FEA /* LoginViewController.swift in Sources */ = {isa = PBXBuildFile; fileRef = D54D20AC19D5684800E85FEA /* LoginViewController.swift */; };
		D54D20AF19D5687C00E85FEA /* SignupViewController.swift in Sources */ = {isa = PBXBuildFile; fileRef = D54D20AE19D5687C00E85FEA /* SignupViewController.swift */; };
		D57C29A519E11C3500D8A6E3 /* FriendsViewController.swift in Sources */ = {isa = PBXBuildFile; fileRef = D57C29A419E11C3500D8A6E3 /* FriendsViewController.swift */; };
		D582B96D19D3C4B500CAE186 /* AppDelegate.swift in Sources */ = {isa = PBXBuildFile; fileRef = D582B96C19D3C4B500CAE186 /* AppDelegate.swift */; };
		D582B97219D3C4B500CAE186 /* Main.storyboard in Resources */ = {isa = PBXBuildFile; fileRef = D582B97019D3C4B500CAE186 /* Main.storyboard */; };
		D582B97419D3C4B500CAE186 /* Images.xcassets in Resources */ = {isa = PBXBuildFile; fileRef = D582B97319D3C4B500CAE186 /* Images.xcassets */; };
		D582B97719D3C4B500CAE186 /* LaunchScreen.xib in Resources */ = {isa = PBXBuildFile; fileRef = D582B97519D3C4B500CAE186 /* LaunchScreen.xib */; };
		D582B98319D3C4B500CAE186 /* RibbitSwiftTests.swift in Sources */ = {isa = PBXBuildFile; fileRef = D582B98219D3C4B500CAE186 /* RibbitSwiftTests.swift */; };
		D582B99219D3FF6200CAE186 /* camera.png in Resources */ = {isa = PBXBuildFile; fileRef = D582B98C19D3FF6200CAE186 /* camera.png */; };
		D582B99319D3FF6200CAE186 /* camera@2x.png in Resources */ = {isa = PBXBuildFile; fileRef = D582B98D19D3FF6200CAE186 /* camera@2x.png */; };
		D582B99419D3FF6200CAE186 /* friends.png in Resources */ = {isa = PBXBuildFile; fileRef = D582B98E19D3FF6200CAE186 /* friends.png */; };
		D582B99519D3FF6200CAE186 /* friends@2x.png in Resources */ = {isa = PBXBuildFile; fileRef = D582B98F19D3FF6200CAE186 /* friends@2x.png */; };
		D582B99619D3FF6200CAE186 /* inbox.png in Resources */ = {isa = PBXBuildFile; fileRef = D582B99019D3FF6200CAE186 /* inbox.png */; };
		D582B99719D3FF6200CAE186 /* inbox@2x.png in Resources */ = {isa = PBXBuildFile; fileRef = D582B99119D3FF6200CAE186 /* inbox@2x.png */; };
		D582B99B19D4090D00CAE186 /* InboxViewController.swift in Sources */ = {isa = PBXBuildFile; fileRef = D582B99A19D4090D00CAE186 /* InboxViewController.swift */; };
/* End PBXBuildFile section */

/* Begin PBXContainerItemProxy section */
		D582B97D19D3C4B500CAE186 /* PBXContainerItemProxy */ = {
			isa = PBXContainerItemProxy;
			containerPortal = D582B95F19D3C4B500CAE186 /* Project object */;
			proxyType = 1;
			remoteGlobalIDString = D582B96619D3C4B500CAE186;
			remoteInfo = RibbitSwift;
		};
/* End PBXContainerItemProxy section */

/* Begin PBXFileReference section */
		D54D207019D5507400E85FEA /* Bolts.framework */ = {isa = PBXFileReference; lastKnownFileType = wrapper.framework; path = Bolts.framework; sourceTree = "<group>"; };
		D54D207119D5507400E85FEA /* Parse.framework */ = {isa = PBXFileReference; lastKnownFileType = wrapper.framework; path = Parse.framework; sourceTree = "<group>"; };
		D54D207219D5507400E85FEA /* ParseFacebookUtils.framework */ = {isa = PBXFileReference; lastKnownFileType = wrapper.framework; path = ParseFacebookUtils.framework; sourceTree = "<group>"; };
		D54D209019D5516F00E85FEA /* AudioToolbox.framework */ = {isa = PBXFileReference; lastKnownFileType = wrapper.framework; name = AudioToolbox.framework; path = System/Library/Frameworks/AudioToolbox.framework; sourceTree = SDKROOT; };
		D54D209119D5516F00E85FEA /* CFNetwork.framework */ = {isa = PBXFileReference; lastKnownFileType = wrapper.framework; name = CFNetwork.framework; path = System/Library/Frameworks/CFNetwork.framework; sourceTree = SDKROOT; };
		D54D209219D5516F00E85FEA /* CoreGraphics.framework */ = {isa = PBXFileReference; lastKnownFileType = wrapper.framework; name = CoreGraphics.framework; path = System/Library/Frameworks/CoreGraphics.framework; sourceTree = SDKROOT; };
		D54D209319D5516F00E85FEA /* CoreLocation.framework */ = {isa = PBXFileReference; lastKnownFileType = wrapper.framework; name = CoreLocation.framework; path = System/Library/Frameworks/CoreLocation.framework; sourceTree = SDKROOT; };
		D54D209419D5516F00E85FEA /* libz.dylib */ = {isa = PBXFileReference; lastKnownFileType = "compiled.mach-o.dylib"; name = libz.dylib; path = usr/lib/libz.dylib; sourceTree = SDKROOT; };
		D54D209519D5516F00E85FEA /* MobileCoreServices.framework */ = {isa = PBXFileReference; lastKnownFileType = wrapper.framework; name = MobileCoreServices.framework; path = System/Library/Frameworks/MobileCoreServices.framework; sourceTree = SDKROOT; };
		D54D209619D5516F00E85FEA /* QuartzCore.framework */ = {isa = PBXFileReference; lastKnownFileType = wrapper.framework; name = QuartzCore.framework; path = System/Library/Frameworks/QuartzCore.framework; sourceTree = SDKROOT; };
		D54D209719D5516F00E85FEA /* Security.framework */ = {isa = PBXFileReference; lastKnownFileType = wrapper.framework; name = Security.framework; path = System/Library/Frameworks/Security.framework; sourceTree = SDKROOT; };
		D54D209819D5516F00E85FEA /* StoreKit.framework */ = {isa = PBXFileReference; lastKnownFileType = wrapper.framework; name = StoreKit.framework; path = System/Library/Frameworks/StoreKit.framework; sourceTree = SDKROOT; };
		D54D209919D5516F00E85FEA /* SystemConfiguration.framework */ = {isa = PBXFileReference; lastKnownFileType = wrapper.framework; name = SystemConfiguration.framework; path = System/Library/Frameworks/SystemConfiguration.framework; sourceTree = SDKROOT; };
		D54D20A419D55B8800E85FEA /* EditFriendsViewController.swift */ = {isa = PBXFileReference; fileEncoding = 4; lastKnownFileType = sourcecode.swift; path = EditFriendsViewController.swift; sourceTree = "<group>"; };
		D54D20A619D5630700E85FEA /* RibbitSwift-Bridging-Header.h */ = {isa = PBXFileReference; lastKnownFileType = sourcecode.c.h; path = "RibbitSwift-Bridging-Header.h"; sourceTree = "<group>"; };
		D54D20AC19D5684800E85FEA /* LoginViewController.swift */ = {isa = PBXFileReference; fileEncoding = 4; lastKnownFileType = sourcecode.swift; path = LoginViewController.swift; sourceTree = "<group>"; };
		D54D20AE19D5687C00E85FEA /* SignupViewController.swift */ = {isa = PBXFileReference; fileEncoding = 4; lastKnownFileType = sourcecode.swift; path = SignupViewController.swift; sourceTree = "<group>"; };
		D57C29A419E11C3500D8A6E3 /* FriendsViewController.swift */ = {isa = PBXFileReference; fileEncoding = 4; lastKnownFileType = sourcecode.swift; name = FriendsViewController.swift; path = ../FriendsViewController.swift; sourceTree = "<group>"; };
		D582B96719D3C4B500CAE186 /* RibbitSwift.app */ = {isa = PBXFileReference; explicitFileType = wrapper.application; includeInIndex = 0; path = RibbitSwift.app; sourceTree = BUILT_PRODUCTS_DIR; };
		D582B96B19D3C4B500CAE186 /* Info.plist */ = {isa = PBXFileReference; lastKnownFileType = text.plist.xml; path = Info.plist; sourceTree = "<group>"; };
		D582B96C19D3C4B500CAE186 /* AppDelegate.swift */ = {isa = PBXFileReference; lastKnownFileType = sourcecode.swift; path = AppDelegate.swift; sourceTree = "<group>"; };
		D582B97119D3C4B500CAE186 /* Base */ = {isa = PBXFileReference; lastKnownFileType = file.storyboard; name = Base; path = Base.lproj/Main.storyboard; sourceTree = "<group>"; };
		D582B97319D3C4B500CAE186 /* Images.xcassets */ = {isa = PBXFileReference; lastKnownFileType = folder.assetcatalog; path = Images.xcassets; sourceTree = "<group>"; };
		D582B97619D3C4B500CAE186 /* Base */ = {isa = PBXFileReference; lastKnownFileType = file.xib; name = Base; path = Base.lproj/LaunchScreen.xib; sourceTree = "<group>"; };
		D582B97C19D3C4B500CAE186 /* RibbitSwiftTests.xctest */ = {isa = PBXFileReference; explicitFileType = wrapper.cfbundle; includeInIndex = 0; path = RibbitSwiftTests.xctest; sourceTree = BUILT_PRODUCTS_DIR; };
		D582B98119D3C4B500CAE186 /* Info.plist */ = {isa = PBXFileReference; lastKnownFileType = text.plist.xml; path = Info.plist; sourceTree = "<group>"; };
		D582B98219D3C4B500CAE186 /* RibbitSwiftTests.swift */ = {isa = PBXFileReference; lastKnownFileType = sourcecode.swift; path = RibbitSwiftTests.swift; sourceTree = "<group>"; };
		D582B98C19D3FF6200CAE186 /* camera.png */ = {isa = PBXFileReference; lastKnownFileType = image.png; path = camera.png; sourceTree = "<group>"; };
		D582B98D19D3FF6200CAE186 /* camera@2x.png */ = {isa = PBXFileReference; lastKnownFileType = image.png; path = "camera@2x.png"; sourceTree = "<group>"; };
		D582B98E19D3FF6200CAE186 /* friends.png */ = {isa = PBXFileReference; lastKnownFileType = image.png; path = friends.png; sourceTree = "<group>"; };
		D582B98F19D3FF6200CAE186 /* friends@2x.png */ = {isa = PBXFileReference; lastKnownFileType = image.png; path = "friends@2x.png"; sourceTree = "<group>"; };
		D582B99019D3FF6200CAE186 /* inbox.png */ = {isa = PBXFileReference; lastKnownFileType = image.png; path = inbox.png; sourceTree = "<group>"; };
		D582B99119D3FF6200CAE186 /* inbox@2x.png */ = {isa = PBXFileReference; lastKnownFileType = image.png; path = "inbox@2x.png"; sourceTree = "<group>"; };
		D582B99A19D4090D00CAE186 /* InboxViewController.swift */ = {isa = PBXFileReference; fileEncoding = 4; lastKnownFileType = sourcecode.swift; path = InboxViewController.swift; sourceTree = "<group>"; };
/* End PBXFileReference section */

/* Begin PBXFrameworksBuildPhase section */
		D582B96419D3C4B500CAE186 /* Frameworks */ = {
			isa = PBXFrameworksBuildPhase;
			buildActionMask = 2147483647;
			files = (
				D54D209A19D5516F00E85FEA /* AudioToolbox.framework in Frameworks */,
				D54D209B19D5516F00E85FEA /* CFNetwork.framework in Frameworks */,
				D54D209C19D5516F00E85FEA /* CoreGraphics.framework in Frameworks */,
				D54D209D19D5516F00E85FEA /* CoreLocation.framework in Frameworks */,
				D54D209E19D5516F00E85FEA /* libz.dylib in Frameworks */,
				D54D209F19D5516F00E85FEA /* MobileCoreServices.framework in Frameworks */,
				D54D20A019D5516F00E85FEA /* QuartzCore.framework in Frameworks */,
				D54D20A119D5516F00E85FEA /* Security.framework in Frameworks */,
				D54D20A219D5516F00E85FEA /* StoreKit.framework in Frameworks */,
				D54D20A319D5516F00E85FEA /* SystemConfiguration.framework in Frameworks */,
				D54D207419D5507400E85FEA /* Parse.framework in Frameworks */,
				D54D207319D5507400E85FEA /* Bolts.framework in Frameworks */,
				D54D207519D5507400E85FEA /* ParseFacebookUtils.framework in Frameworks */,
			);
			runOnlyForDeploymentPostprocessing = 0;
		};
		D582B97919D3C4B500CAE186 /* Frameworks */ = {
			isa = PBXFrameworksBuildPhase;
			buildActionMask = 2147483647;
			files = (
			);
			runOnlyForDeploymentPostprocessing = 0;
		};
/* End PBXFrameworksBuildPhase section */

/* Begin PBXGroup section */
		D582B95E19D3C4B500CAE186 = {
			isa = PBXGroup;
			children = (
				D582B99919D408F500CAE186 /* Frameworks */,
				D582B99819D3FF6B00CAE186 /* Images */,
				D582B96819D3C4B500CAE186 /* Products */,
				D582B96919D3C4B500CAE186 /* RibbitSwift */,
				D582B97F19D3C4B500CAE186 /* RibbitSwiftTests */,
			);
			sourceTree = "<group>";
		};
		D582B96819D3C4B500CAE186 /* Products */ = {
			isa = PBXGroup;
			children = (
				D582B96719D3C4B500CAE186 /* RibbitSwift.app */,
				D582B97C19D3C4B500CAE186 /* RibbitSwiftTests.xctest */,
			);
			name = Products;
			sourceTree = "<group>";
		};
		D582B96919D3C4B500CAE186 /* RibbitSwift */ = {
			isa = PBXGroup;
			children = (
				D582B96C19D3C4B500CAE186 /* AppDelegate.swift */,
				D54D20A419D55B8800E85FEA /* EditFriendsViewController.swift */,
				D57C29A419E11C3500D8A6E3 /* FriendsViewController.swift */,
				D582B97319D3C4B500CAE186 /* Images.xcassets */,
				D582B99A19D4090D00CAE186 /* InboxViewController.swift */,
				D582B97519D3C4B500CAE186 /* LaunchScreen.xib */,
				D54D20AC19D5684800E85FEA /* LoginViewController.swift */,
				D582B97019D3C4B500CAE186 /* Main.storyboard */,
				D54D20A619D5630700E85FEA /* RibbitSwift-Bridging-Header.h */,
				D54D20AE19D5687C00E85FEA /* SignupViewController.swift */,
				D582B96A19D3C4B500CAE186 /* Supporting Files */,
			);
			path = RibbitSwift;
			sourceTree = "<group>";
		};
		D582B96A19D3C4B500CAE186 /* Supporting Files */ = {
			isa = PBXGroup;
			children = (
				D582B96B19D3C4B500CAE186 /* Info.plist */,
			);
			name = "Supporting Files";
			sourceTree = "<group>";
		};
		D582B97F19D3C4B500CAE186 /* RibbitSwiftTests */ = {
			isa = PBXGroup;
			children = (
				D582B98219D3C4B500CAE186 /* RibbitSwiftTests.swift */,
				D582B98019D3C4B500CAE186 /* Supporting Files */,
			);
			path = RibbitSwiftTests;
			sourceTree = "<group>";
		};
		D582B98019D3C4B500CAE186 /* Supporting Files */ = {
			isa = PBXGroup;
			children = (
				D582B98119D3C4B500CAE186 /* Info.plist */,
			);
			name = "Supporting Files";
			sourceTree = "<group>";
		};
		D582B99819D3FF6B00CAE186 /* Images */ = {
			isa = PBXGroup;
			children = (
				D582B98C19D3FF6200CAE186 /* camera.png */,
				D582B98D19D3FF6200CAE186 /* camera@2x.png */,
				D582B98E19D3FF6200CAE186 /* friends.png */,
				D582B98F19D3FF6200CAE186 /* friends@2x.png */,
				D582B99019D3FF6200CAE186 /* inbox.png */,
				D582B99119D3FF6200CAE186 /* inbox@2x.png */,
			);
			name = Images;
			sourceTree = "<group>";
		};
		D582B99919D408F500CAE186 /* Frameworks */ = {
			isa = PBXGroup;
			children = (
				D54D209019D5516F00E85FEA /* AudioToolbox.framework */,
				D54D209119D5516F00E85FEA /* CFNetwork.framework */,
				D54D209219D5516F00E85FEA /* CoreGraphics.framework */,
				D54D209319D5516F00E85FEA /* CoreLocation.framework */,
				D54D209419D5516F00E85FEA /* libz.dylib */,
				D54D209519D5516F00E85FEA /* MobileCoreServices.framework */,
				D54D209619D5516F00E85FEA /* QuartzCore.framework */,
				D54D209719D5516F00E85FEA /* Security.framework */,
				D54D209819D5516F00E85FEA /* StoreKit.framework */,
				D54D209919D5516F00E85FEA /* SystemConfiguration.framework */,
				D54D207019D5507400E85FEA /* Bolts.framework */,
				D54D207119D5507400E85FEA /* Parse.framework */,
				D54D207219D5507400E85FEA /* ParseFacebookUtils.framework */,
			);
			name = Frameworks;
			path = RibbitSwift;
			sourceTree = "<group>";
		};
/* End PBXGroup section */

/* Begin PBXNativeTarget section */
		D582B96619D3C4B500CAE186 /* RibbitSwift */ = {
			isa = PBXNativeTarget;
			buildConfigurationList = D582B98619D3C4B500CAE186 /* Build configuration list for PBXNativeTarget "RibbitSwift" */;
			buildPhases = (
				D582B96319D3C4B500CAE186 /* Sources */,
				D582B96419D3C4B500CAE186 /* Frameworks */,
				D582B96519D3C4B500CAE186 /* Resources */,
			);
			buildRules = (
			);
			dependencies = (
			);
			name = RibbitSwift;
			productName = RibbitSwift;
			productReference = D582B96719D3C4B500CAE186 /* RibbitSwift.app */;
			productType = "com.apple.product-type.application";
		};
		D582B97B19D3C4B500CAE186 /* RibbitSwiftTests */ = {
			isa = PBXNativeTarget;
			buildConfigurationList = D582B98919D3C4B500CAE186 /* Build configuration list for PBXNativeTarget "RibbitSwiftTests" */;
			buildPhases = (
				D582B97819D3C4B500CAE186 /* Sources */,
				D582B97919D3C4B500CAE186 /* Frameworks */,
				D582B97A19D3C4B500CAE186 /* Resources */,
			);
			buildRules = (
			);
			dependencies = (
				D582B97E19D3C4B500CAE186 /* PBXTargetDependency */,
			);
			name = RibbitSwiftTests;
			productName = RibbitSwiftTests;
			productReference = D582B97C19D3C4B500CAE186 /* RibbitSwiftTests.xctest */;
			productType = "com.apple.product-type.bundle.unit-test";
		};
/* End PBXNativeTarget section */

/* Begin PBXProject section */
		D582B95F19D3C4B500CAE186 /* Project object */ = {
			isa = PBXProject;
			attributes = {
				LastUpgradeCheck = 0600;
				ORGANIZATIONNAME = Cloudyun;
				TargetAttributes = {
					D582B96619D3C4B500CAE186 = {
						CreatedOnToolsVersion = 6.0;
						DevelopmentTeam = 4MAWYF88H3;
					};
					D582B97B19D3C4B500CAE186 = {
						CreatedOnToolsVersion = 6.0;
						TestTargetID = D582B96619D3C4B500CAE186;
					};
				};
			};
			buildConfigurationList = D582B96219D3C4B500CAE186 /* Build configuration list for PBXProject "RibbitSwift" */;
			compatibilityVersion = "Xcode 3.2";
			developmentRegion = English;
			hasScannedForEncodings = 0;
			knownRegions = (
				en,
				Base,
			);
			mainGroup = D582B95E19D3C4B500CAE186;
			productRefGroup = D582B96819D3C4B500CAE186 /* Products */;
			projectDirPath = "";
			projectRoot = "";
			targets = (
				D582B96619D3C4B500CAE186 /* RibbitSwift */,
				D582B97B19D3C4B500CAE186 /* RibbitSwiftTests */,
			);
		};
/* End PBXProject section */

/* Begin PBXResourcesBuildPhase section */
		D582B96519D3C4B500CAE186 /* Resources */ = {
			isa = PBXResourcesBuildPhase;
			buildActionMask = 2147483647;
			files = (
				D582B97219D3C4B500CAE186 /* Main.storyboard in Resources */,
				D582B99419D3FF6200CAE186 /* friends.png in Resources */,
				D582B99519D3FF6200CAE186 /* friends@2x.png in Resources */,
				D582B99319D3FF6200CAE186 /* camera@2x.png in Resources */,
				D582B99619D3FF6200CAE186 /* inbox.png in Resources */,
				D582B97719D3C4B500CAE186 /* LaunchScreen.xib in Resources */,
				D582B99219D3FF6200CAE186 /* camera.png in Resources */,
				D582B97419D3C4B500CAE186 /* Images.xcassets in Resources */,
				D582B99719D3FF6200CAE186 /* inbox@2x.png in Resources */,
			);
			runOnlyForDeploymentPostprocessing = 0;
		};
		D582B97A19D3C4B500CAE186 /* Resources */ = {
			isa = PBXResourcesBuildPhase;
			buildActionMask = 2147483647;
			files = (
			);
			runOnlyForDeploymentPostprocessing = 0;
		};
/* End PBXResourcesBuildPhase section */

/* Begin PBXSourcesBuildPhase section */
		D582B96319D3C4B500CAE186 /* Sources */ = {
			isa = PBXSourcesBuildPhase;
			buildActionMask = 2147483647;
			files = (
				D54D20AD19D5684800E85FEA /* LoginViewController.swift in Sources */,
				D54D20A519D55B8800E85FEA /* EditFriendsViewController.swift in Sources */,
				D54D20AF19D5687C00E85FEA /* SignupViewController.swift in Sources */,
				D582B96D19D3C4B500CAE186 /* AppDelegate.swift in Sources */,
				D57C29A519E11C3500D8A6E3 /* FriendsViewController.swift in Sources */,
				D582B99B19D4090D00CAE186 /* InboxViewController.swift in Sources */,
			);
			runOnlyForDeploymentPostprocessing = 0;
		};
		D582B97819D3C4B500CAE186 /* Sources */ = {
			isa = PBXSourcesBuildPhase;
			buildActionMask = 2147483647;
			files = (
				D582B98319D3C4B500CAE186 /* RibbitSwiftTests.swift in Sources */,
			);
			runOnlyForDeploymentPostprocessing = 0;
		};
/* End PBXSourcesBuildPhase section */

/* Begin PBXTargetDependency section */
		D582B97E19D3C4B500CAE186 /* PBXTargetDependency */ = {
			isa = PBXTargetDependency;
			target = D582B96619D3C4B500CAE186 /* RibbitSwift */;
			targetProxy = D582B97D19D3C4B500CAE186 /* PBXContainerItemProxy */;
		};
/* End PBXTargetDependency section */

/* Begin PBXVariantGroup section */
		D582B97019D3C4B500CAE186 /* Main.storyboard */ = {
			isa = PBXVariantGroup;
			children = (
				D582B97119D3C4B500CAE186 /* Base */,
			);
			name = Main.storyboard;
			sourceTree = "<group>";
		};
		D582B97519D3C4B500CAE186 /* LaunchScreen.xib */ = {
			isa = PBXVariantGroup;
			children = (
				D582B97619D3C4B500CAE186 /* Base */,
			);
			name = LaunchScreen.xib;
			sourceTree = "<group>";
		};
/* End PBXVariantGroup section */

/* Begin XCBuildConfiguration section */
		D582B98419D3C4B500CAE186 /* Debug */ = {
			isa = XCBuildConfiguration;
			buildSettings = {
				ALWAYS_SEARCH_USER_PATHS = NO;
				CLANG_CXX_LANGUAGE_STANDARD = "gnu++0x";
				CLANG_CXX_LIBRARY = "libc++";
				CLANG_ENABLE_MODULES = YES;
				CLANG_ENABLE_OBJC_ARC = YES;
				CLANG_WARN_BOOL_CONVERSION = YES;
				CLANG_WARN_CONSTANT_CONVERSION = YES;
				CLANG_WARN_DIRECT_OBJC_ISA_USAGE = YES_ERROR;
				CLANG_WARN_EMPTY_BODY = YES;
				CLANG_WARN_ENUM_CONVERSION = YES;
				CLANG_WARN_INT_CONVERSION = YES;
				CLANG_WARN_OBJC_ROOT_CLASS = YES_ERROR;
				CLANG_WARN_UNREACHABLE_CODE = YES;
				CLANG_WARN__DUPLICATE_METHOD_MATCH = YES;
				"CODE_SIGN_IDENTITY[sdk=iphoneos*]" = "iPhone Developer";
				COPY_PHASE_STRIP = NO;
				ENABLE_STRICT_OBJC_MSGSEND = YES;
				GCC_C_LANGUAGE_STANDARD = gnu99;
				GCC_DYNAMIC_NO_PIC = NO;
				GCC_OPTIMIZATION_LEVEL = 0;
				GCC_PREPROCESSOR_DEFINITIONS = (
					"DEBUG=1",
					"$(inherited)",
				);
				GCC_SYMBOLS_PRIVATE_EXTERN = NO;
				GCC_WARN_64_TO_32_BIT_CONVERSION = YES;
				GCC_WARN_ABOUT_RETURN_TYPE = YES_ERROR;
				GCC_WARN_UNDECLARED_SELECTOR = YES;
				GCC_WARN_UNINITIALIZED_AUTOS = YES_AGGRESSIVE;
				GCC_WARN_UNUSED_FUNCTION = YES;
				GCC_WARN_UNUSED_VARIABLE = YES;
				IPHONEOS_DEPLOYMENT_TARGET = 8.0;
				MTL_ENABLE_DEBUG_INFO = YES;
				ONLY_ACTIVE_ARCH = YES;
				SDKROOT = iphoneos;
				SWIFT_OPTIMIZATION_LEVEL = "-Onone";
			};
			name = Debug;
		};
		D582B98519D3C4B500CAE186 /* Release */ = {
			isa = XCBuildConfiguration;
			buildSettings = {
				ALWAYS_SEARCH_USER_PATHS = NO;
				CLANG_CXX_LANGUAGE_STANDARD = "gnu++0x";
				CLANG_CXX_LIBRARY = "libc++";
				CLANG_ENABLE_MODULES = YES;
				CLANG_ENABLE_OBJC_ARC = YES;
				CLANG_WARN_BOOL_CONVERSION = YES;
				CLANG_WARN_CONSTANT_CONVERSION = YES;
				CLANG_WARN_DIRECT_OBJC_ISA_USAGE = YES_ERROR;
				CLANG_WARN_EMPTY_BODY = YES;
				CLANG_WARN_ENUM_CONVERSION = YES;
				CLANG_WARN_INT_CONVERSION = YES;
				CLANG_WARN_OBJC_ROOT_CLASS = YES_ERROR;
				CLANG_WARN_UNREACHABLE_CODE = YES;
				CLANG_WARN__DUPLICATE_METHOD_MATCH = YES;
				"CODE_SIGN_IDENTITY[sdk=iphoneos*]" = "iPhone Developer";
				COPY_PHASE_STRIP = YES;
				ENABLE_NS_ASSERTIONS = NO;
				ENABLE_STRICT_OBJC_MSGSEND = YES;
				GCC_C_LANGUAGE_STANDARD = gnu99;
				GCC_WARN_64_TO_32_BIT_CONVERSION = YES;
				GCC_WARN_ABOUT_RETURN_TYPE = YES_ERROR;
				GCC_WARN_UNDECLARED_SELECTOR = YES;
				GCC_WARN_UNINITIALIZED_AUTOS = YES_AGGRESSIVE;
				GCC_WARN_UNUSED_FUNCTION = YES;
				GCC_WARN_UNUSED_VARIABLE = YES;
				IPHONEOS_DEPLOYMENT_TARGET = 8.0;
				MTL_ENABLE_DEBUG_INFO = NO;
				SDKROOT = iphoneos;
				VALIDATE_PRODUCT = YES;
			};
			name = Release;
		};
		D582B98719D3C4B500CAE186 /* Debug */ = {
			isa = XCBuildConfiguration;
			buildSettings = {
				ASSETCATALOG_COMPILER_APPICON_NAME = AppIcon;
				CLANG_ENABLE_MODULES = YES;
				CODE_SIGN_IDENTITY = "iPhone Developer";
				"CODE_SIGN_IDENTITY[sdk=iphoneos*]" = "iPhone Developer";
				FRAMEWORK_SEARCH_PATHS = (
					"$(inherited)",
					"$(PROJECT_DIR)/RibbitSwift",
				);
				INFOPLIST_FILE = RibbitSwift/Info.plist;
				IPHONEOS_DEPLOYMENT_TARGET = 7.1;
				LD_RUNPATH_SEARCH_PATHS = "$(inherited) @executable_path/Frameworks";
				PRODUCT_NAME = "$(TARGET_NAME)";
				PROVISIONING_PROFILE = "";
				SWIFT_OBJC_BRIDGING_HEADER = "RibbitSwift/RibbitSwift-Bridging-Header.h";
				SWIFT_OPTIMIZATION_LEVEL = "-Onone";
			};
			name = Debug;
		};
		D582B98819D3C4B500CAE186 /* Release */ = {
			isa = XCBuildConfiguration;
			buildSettings = {
				ASSETCATALOG_COMPILER_APPICON_NAME = AppIcon;
				CLANG_ENABLE_MODULES = YES;
				CODE_SIGN_IDENTITY = "iPhone Developer";
				"CODE_SIGN_IDENTITY[sdk=iphoneos*]" = "iPhone Developer";
				FRAMEWORK_SEARCH_PATHS = (
					"$(inherited)",
					"$(PROJECT_DIR)/RibbitSwift",
				);
				INFOPLIST_FILE = RibbitSwift/Info.plist;
				IPHONEOS_DEPLOYMENT_TARGET = 7.1;
				LD_RUNPATH_SEARCH_PATHS = "$(inherited) @executable_path/Frameworks";
				PRODUCT_NAME = "$(TARGET_NAME)";
				PROVISIONING_PROFILE = "";
				SWIFT_OBJC_BRIDGING_HEADER = "RibbitSwift/RibbitSwift-Bridging-Header.h";
			};
			name = Release;
		};
		D582B98A19D3C4B500CAE186 /* Debug */ = {
			isa = XCBuildConfiguration;
			buildSettings = {
				BUNDLE_LOADER = "$(TEST_HOST)";
				FRAMEWORK_SEARCH_PATHS = (
					"$(SDKROOT)/Developer/Library/Frameworks",
					"$(inherited)",
				);
				GCC_PREPROCESSOR_DEFINITIONS = (
					"DEBUG=1",
					"$(inherited)",
				);
				INFOPLIST_FILE = RibbitSwiftTests/Info.plist;
				LD_RUNPATH_SEARCH_PATHS = "$(inherited) @executable_path/Frameworks @loader_path/Frameworks";
				PRODUCT_NAME = "$(TARGET_NAME)";
				TEST_HOST = "$(BUILT_PRODUCTS_DIR)/RibbitSwift.app/RibbitSwift";
			};
			name = Debug;
		};
		D582B98B19D3C4B500CAE186 /* Release */ = {
			isa = XCBuildConfiguration;
			buildSettings = {
				BUNDLE_LOADER = "$(TEST_HOST)";
				FRAMEWORK_SEARCH_PATHS = (
					"$(SDKROOT)/Developer/Library/Frameworks",
					"$(inherited)",
				);
				INFOPLIST_FILE = RibbitSwiftTests/Info.plist;
				LD_RUNPATH_SEARCH_PATHS = "$(inherited) @executable_path/Frameworks @loader_path/Frameworks";
				PRODUCT_NAME = "$(TARGET_NAME)";
				TEST_HOST = "$(BUILT_PRODUCTS_DIR)/RibbitSwift.app/RibbitSwift";
			};
			name = Release;
		};
/* End XCBuildConfiguration section */

/* Begin XCConfigurationList section */
		D582B96219D3C4B500CAE186 /* Build configuration list for PBXProject "RibbitSwift" */ = {
			isa = XCConfigurationList;
			buildConfigurations = (
				D582B98419D3C4B500CAE186 /* Debug */,
				D582B98519D3C4B500CAE186 /* Release */,
			);
			defaultConfigurationIsVisible = 0;
			defaultConfigurationName = Release;
		};
		D582B98619D3C4B500CAE186 /* Build configuration list for PBXNativeTarget "RibbitSwift" */ = {
			isa = XCConfigurationList;
			buildConfigurations = (
				D582B98719D3C4B500CAE186 /* Debug */,
				D582B98819D3C4B500CAE186 /* Release */,
			);
			defaultConfigurationIsVisible = 0;
			defaultConfigurationName = Release;
		};
		D582B98919D3C4B500CAE186 /* Build configuration list for PBXNativeTarget "RibbitSwiftTests" */ = {
			isa = XCConfigurationList;
			buildConfigurations = (
				D582B98A19D3C4B500CAE186 /* Debug */,
				D582B98B19D3C4B500CAE186 /* Release */,
			);
			defaultConfigurationIsVisible = 0;
			defaultConfigurationName = Release;
		};
/* End XCConfigurationList section */
	};
	rootObject = D582B95F19D3C4B500CAE186 /* Project object */;
}
